<?xml version="1.0" encoding="utf-8"?>
<Project ToolsVersion="4.0" xmlns="http://schemas.microsoft.com/developer/msbuild/2003">
	<ItemGroup>
		<Filter Include="dependencies"><UniqueIdentifier>{0621f626-4e70-46a0-ae17-a129943a3eb1}</UniqueIdentifier></Filter>
		<Filter Include="jumbo"><UniqueIdentifier>{1f102150-0ec4-4108-a7dc-e2e8e517f4e0}</UniqueIdentifier></Filter>
		<Filter Include="src"><UniqueIdentifier>{ec227aee-8dfa-42a1-903c-c274f8d008eb}</UniqueIdentifier></Filter>
	</ItemGroup>
	<ItemGroup>
		<ClInclude Include="$(MSBuildThisFileDirectory)..\..\..\mk_std\projects\jumbo\mk_std.h"><Filter>dependencies</Filter></ClInclude>
		<ClInclude Include="$(MSBuildThisFileDirectory)..\..\..\mk_utils\projects\jumbo\mk_utils.h"><Filter>dependencies</Filter></ClInclude>
		<ClInclude Include="$(MSBuildThisFileDirectory)..\..\..\mk_win\projects\jumbo\mk_win.h"><Filter>dependencies</Filter></ClInclude>
		<ClInclude Include="$(MSBuildThisFileDirectory)..\..\src\mk_mdi_app.h"><Filter>src</Filter></ClInclude>
		<ClInclude Include="$(MSBuildThisFileDirectory)..\..\src\mk_mdi_child.h"><Filter>src</Filter></ClInclude>
		<ClInclude Include="$(MSBuildThisFileDirectory)..\..\src\mk_mdi_global.h"><Filter>src</Filter></ClInclude>
		<ClInclude Include="$(MSBuildThisFileDirectory)..\..\src\mk_mdi_parent.h"><Filter>src</Filter></ClInclude>
		<ClInclude Include="$(MSBuildThisFileDirectory)..\..\src\mk_mdi_parent_constants.h"><Filter>src</Filter></ClInclude>
	</ItemGroup>
	<ItemGroup>
		<ClCompile Include="$(MSBuildThisFileDirectory)..\..\..\mk_std\projects\jumbo\mk_std.c"><Filter>dependencies</Filter></ClCompile>
		<ClCompile Include="$(MSBuildThisFileDirectory)..\..\..\mk_utils\projects\jumbo\mk_utils.c"><Filter>dependencies</Filter></ClCompile>
		<ClCompile Include="$(MSBuildThisFileDirectory)..\..\..\mk_win\projects\jumbo\mk_win.c"><Filter>dependencies</Filter></ClCompile>
		<ClCompile Include="$(MSBuildThisFileDirectory)..\..\src\mk_mdi_app.c"><Filter>src</Filter></ClCompile>
		<ClCompile Include="$(MSBuildThisFileDirectory)..\..\src\mk_mdi_child.c"><Filter>src</Filter></ClCompile>
		<ClCompile Include="$(MSBuildThisFileDirectory)..\..\src\mk_mdi_global.c"><Filter>src</Filter></ClCompile>
		<ClCompile Include="$(MSBuildThisFileDirectory)..\..\src\mk_mdi_main.c"><Filter>src</Filter></ClCompile>
		<ClCompile Include="$(MSBuildThisFileDirectory)..\..\src\mk_mdi_parent.c"><Filter>src</Filter></ClCompile>
		<ClCompile Include="$(MSBuildThisFileDirectory)..\jumbo\mk_mdi.c"><Filter>jumbo</Filter></ClCompile>
	</ItemGroup>
	<ItemGroup>
		<ResourceCompile Include="$(MSBuildThisFileDirectory)..\..\src\mk_mdi_parent.rc"><Filter>src</Filter></ResourceCompile>
	</ItemGroup>
</Project>
