<?xml version="1.0" encoding="utf-8"?>
<Project ToolsVersion="4.0" xmlns="http://schemas.microsoft.com/developer/msbuild/2003">
  <ItemGroup>
    <Filter Include="src">
      <UniqueIdentifier>{db44caae-aca1-4324-ad39-8a1871fd1189}</UniqueIdentifier>
    </Filter>
    <Filter Include="jumbo">
      <UniqueIdentifier>{e8c8a96e-704f-4d59-9d10-7843b3f451c6}</UniqueIdentifier>
    </Filter>
  </ItemGroup>
  <ItemGroup>
    <ClCompile Include="$(MSBuildThisFileDirectory)..\..\jumbo\mk_win.c">
      <Filter>jumbo</Filter>
    </ClCompile>
    <ClCompile Include="$(MSBuildThisFileDirectory)..\..\..\src\mk_win_kernel.c">
      <Filter>src</Filter>
    </ClCompile>
  </ItemGroup>
  <ItemGroup>
    <ClInclude Include="$(MSBuildThisFileDirectory)..\..\jumbo\mk_win.h">
      <Filter>jumbo</Filter>
    </ClInclude>
    <ClInclude Include="$(MSBuildThisFileDirectory)..\..\..\src\mk_win_kernel.h">
      <Filter>src</Filter>
    </ClInclude>
  </ItemGroup>
</Project>