<?xml version="1.0" encoding="utf-8"?>
<Project ToolsVersion="4.0" xmlns="http://schemas.microsoft.com/developer/msbuild/2003">
	<ItemGroup>
		<Filter Include="jumbo"><UniqueIdentifier>{656914a7-e1db-436f-92d8-eabca549eda3}</UniqueIdentifier></Filter>
		<Filter Include="src"><UniqueIdentifier>{f00ffd5d-5778-4497-a8c4-70544b23a446}</UniqueIdentifier></Filter>
		<Filter Include="src\base"><UniqueIdentifier>{8b74b2b4-42e0-431d-9d92-108f980bd180}</UniqueIdentifier></Filter>
		<Filter Include="src\exact"><UniqueIdentifier>{6a0ba15d-8fb1-4309-8a78-479f826ce5a3}</UniqueIdentifier></Filter>
		<Filter Include="src\inl"><UniqueIdentifier>{cf2f7e37-31bf-43f5-a69b-ab0283970bc1}</UniqueIdentifier></Filter>
		<Filter Include="src\macro"><UniqueIdentifier>{8435c8eb-185c-4f0f-9d5b-61345afb8404}</UniqueIdentifier></Filter>
		<Filter Include="src\macro\base"><UniqueIdentifier>{2cac3b76-c10f-4487-9d76-0cf6b3a9f3da}</UniqueIdentifier></Filter>
		<Filter Include="src\macro\exact"><UniqueIdentifier>{a1c1cb4a-181b-4f5b-ae1c-c661a496d0bc}</UniqueIdentifier></Filter>
	</ItemGroup>
	<ItemGroup>
		<ClInclude Include="$(MSBuildThisFileDirectory)..\..\src\base\mk_uint_base_128.h"><Filter>src\base</Filter></ClInclude>
		<ClInclude Include="$(MSBuildThisFileDirectory)..\..\src\base\mk_uint_base_char.h"><Filter>src\base</Filter></ClInclude>
		<ClInclude Include="$(MSBuildThisFileDirectory)..\..\src\base\mk_uint_base_int.h"><Filter>src\base</Filter></ClInclude>
		<ClInclude Include="$(MSBuildThisFileDirectory)..\..\src\base\mk_uint_base_llong.h"><Filter>src\base</Filter></ClInclude>
		<ClInclude Include="$(MSBuildThisFileDirectory)..\..\src\base\mk_uint_base_long.h"><Filter>src\base</Filter></ClInclude>
		<ClInclude Include="$(MSBuildThisFileDirectory)..\..\src\base\mk_uint_base_short.h"><Filter>src\base</Filter></ClInclude>
		<ClInclude Include="$(MSBuildThisFileDirectory)..\..\src\exact\mk_uint_128.h"><Filter>src\exact</Filter></ClInclude>
		<ClInclude Include="$(MSBuildThisFileDirectory)..\..\src\exact\mk_uint_16.h"><Filter>src\exact</Filter></ClInclude>
		<ClInclude Include="$(MSBuildThisFileDirectory)..\..\src\exact\mk_uint_32.h"><Filter>src\exact</Filter></ClInclude>
		<ClInclude Include="$(MSBuildThisFileDirectory)..\..\src\exact\mk_uint_64.h"><Filter>src\exact</Filter></ClInclude>
		<ClInclude Include="$(MSBuildThisFileDirectory)..\..\src\exact\mk_uint_8.h"><Filter>src\exact</Filter></ClInclude>
		<ClInclude Include="$(MSBuildThisFileDirectory)..\..\src\exact\mk_uint_n.inl.h"><Filter>src\exact</Filter></ClInclude>
		<ClInclude Include="$(MSBuildThisFileDirectory)..\..\src\macro\base\mk_uint_macro_base.h"><Filter>src\macro\base</Filter></ClInclude>
		<ClInclude Include="$(MSBuildThisFileDirectory)..\..\src\macro\base\mk_uint_macro_base_128.h"><Filter>src\macro\base</Filter></ClInclude>
		<ClInclude Include="$(MSBuildThisFileDirectory)..\..\src\macro\base\mk_uint_macro_base_char.h"><Filter>src\macro\base</Filter></ClInclude>
		<ClInclude Include="$(MSBuildThisFileDirectory)..\..\src\macro\base\mk_uint_macro_base_int.h"><Filter>src\macro\base</Filter></ClInclude>
		<ClInclude Include="$(MSBuildThisFileDirectory)..\..\src\macro\base\mk_uint_macro_base_llong.h"><Filter>src\macro\base</Filter></ClInclude>
		<ClInclude Include="$(MSBuildThisFileDirectory)..\..\src\macro\base\mk_uint_macro_base_long.h"><Filter>src\macro\base</Filter></ClInclude>
		<ClInclude Include="$(MSBuildThisFileDirectory)..\..\src\macro\base\mk_uint_macro_base_short.h"><Filter>src\macro\base</Filter></ClInclude>
		<ClInclude Include="$(MSBuildThisFileDirectory)..\..\src\macro\base\mk_uint_macro_base_undef.h"><Filter>src\macro\base</Filter></ClInclude>
		<ClInclude Include="$(MSBuildThisFileDirectory)..\..\src\macro\exact\mk_uint_macro_exact.h"><Filter>src\macro\exact</Filter></ClInclude>
		<ClInclude Include="$(MSBuildThisFileDirectory)..\..\src\macro\exact\mk_uint_macro_exact_n.h"><Filter>src\macro\exact</Filter></ClInclude>
		<ClInclude Include="$(MSBuildThisFileDirectory)..\..\src\macro\exact\mk_uint_macro_exact_undef.h"><Filter>src\macro\exact</Filter></ClInclude>
		<ClInclude Include="$(MSBuildThisFileDirectory)..\jumbo\mk_int.h"><Filter>jumbo</Filter></ClInclude>
	</ItemGroup>
	<ItemGroup>
		<ClCompile Include="$(MSBuildThisFileDirectory)..\..\src\base\mk_uint_base_128.c"><Filter>src\base</Filter></ClCompile>
		<ClCompile Include="$(MSBuildThisFileDirectory)..\..\src\base\mk_uint_base_char.c"><Filter>src\base</Filter></ClCompile>
		<ClCompile Include="$(MSBuildThisFileDirectory)..\..\src\base\mk_uint_base_int.c"><Filter>src\base</Filter></ClCompile>
		<ClCompile Include="$(MSBuildThisFileDirectory)..\..\src\base\mk_uint_base_llong.c"><Filter>src\base</Filter></ClCompile>
		<ClCompile Include="$(MSBuildThisFileDirectory)..\..\src\base\mk_uint_base_long.c"><Filter>src\base</Filter></ClCompile>
		<ClCompile Include="$(MSBuildThisFileDirectory)..\..\src\base\mk_uint_base_short.c"><Filter>src\base</Filter></ClCompile>
		<ClCompile Include="$(MSBuildThisFileDirectory)..\..\src\exact\mk_uint_128.c"><Filter>src\exact</Filter></ClCompile>
		<ClCompile Include="$(MSBuildThisFileDirectory)..\..\src\exact\mk_uint_16.c"><Filter>src\exact</Filter></ClCompile>
		<ClCompile Include="$(MSBuildThisFileDirectory)..\..\src\exact\mk_uint_32.c"><Filter>src\exact</Filter></ClCompile>
		<ClCompile Include="$(MSBuildThisFileDirectory)..\..\src\exact\mk_uint_64.c"><Filter>src\exact</Filter></ClCompile>
		<ClCompile Include="$(MSBuildThisFileDirectory)..\..\src\exact\mk_uint_8.c"><Filter>src\exact</Filter></ClCompile>
		<ClCompile Include="$(MSBuildThisFileDirectory)..\..\src\exact\mk_uint_n.inl.c"><Filter>src\exact</Filter></ClCompile>
		<ClCompile Include="$(MSBuildThisFileDirectory)..\jumbo\mk_int.c"><Filter>jumbo</Filter></ClCompile>
	</ItemGroup>
	<ItemGroup>
		<None Include="$(MSBuildThisFileDirectory)..\..\readme.md"/>
		<None Include="$(MSBuildThisFileDirectory)..\..\src\inl\mk_uint.inl.c"><Filter>src\inl</Filter></None>
		<None Include="$(MSBuildThisFileDirectory)..\..\src\inl\mk_uint.inl.h"><Filter>src\inl</Filter></None>
		<None Include="$(MSBuildThisFileDirectory)..\..\src\inl\mk_uint_1.inl.c"><Filter>src\inl</Filter></None>
		<None Include="$(MSBuildThisFileDirectory)..\..\src\inl\mk_uint_2.inl.c"><Filter>src\inl</Filter></None>
		<None Include="$(MSBuildThisFileDirectory)..\..\src\inl\mk_uint_any.inl.c"><Filter>src\inl</Filter></None>
		<None Include="$(MSBuildThisFileDirectory)..\..\src\inl\mk_uint_any_str.inl.c"><Filter>src\inl</Filter></None>
		<None Include="$(MSBuildThisFileDirectory)..\..\src\inl\mk_uint_base.inl.c"><Filter>src\inl</Filter></None>
		<None Include="$(MSBuildThisFileDirectory)..\..\src\inl\mk_uint_base.inl.h"><Filter>src\inl</Filter></None>
		<None Include="$(MSBuildThisFileDirectory)..\..\src\inl\mk_uint_fuzz.inl.c"><Filter>src\inl</Filter></None>
		<None Include="$(MSBuildThisFileDirectory)..\..\src\inl\mk_uint_fuzz.inl.h"><Filter>src\inl</Filter></None>
		<None Include="$(MSBuildThisFileDirectory)..\..\src\inl\mk_uint_n.inl.c"><Filter>src\inl</Filter></None>
	</ItemGroup>
</Project>
