<?xml version="1.0" encoding="utf-8"?>
<Project ToolsVersion="4.0" xmlns="http://schemas.microsoft.com/developer/msbuild/2003">
	<ItemGroup>
		<Filter Include="src">
			<UniqueIdentifier>{276bdf02-d0f4-446a-ac55-1a8d976418bf}</UniqueIdentifier>
		</Filter>
	</ItemGroup>
	<ItemGroup>
		<ClInclude Include="$(MSBuildThisFileDirectory)..\..\src\mk_lang_assert.h"><Filter>src</Filter></ClInclude>
		<ClInclude Include="$(MSBuildThisFileDirectory)..\..\src\mk_lang_bool.h"><Filter>src</Filter></ClInclude>
		<ClInclude Include="$(MSBuildThisFileDirectory)..\..\src\mk_lang_charbit.h"><Filter>src</Filter></ClInclude>
		<ClInclude Include="$(MSBuildThisFileDirectory)..\..\src\mk_lang_concat.h"><Filter>src</Filter></ClInclude>
		<ClInclude Include="$(MSBuildThisFileDirectory)..\..\src\mk_lang_cpp.h"><Filter>src</Filter></ClInclude>
		<ClInclude Include="$(MSBuildThisFileDirectory)..\..\src\mk_lang_crash.h"><Filter>src</Filter></ClInclude>
		<ClInclude Include="$(MSBuildThisFileDirectory)..\..\src\mk_lang_i128.h"><Filter>src</Filter></ClInclude>
		<ClInclude Include="$(MSBuildThisFileDirectory)..\..\src\mk_lang_inline.h"><Filter>src</Filter></ClInclude>
		<ClInclude Include="$(MSBuildThisFileDirectory)..\..\src\mk_lang_jumbo.h"><Filter>src</Filter></ClInclude>
		<ClInclude Include="$(MSBuildThisFileDirectory)..\..\src\mk_lang_limits.h"><Filter>src</Filter></ClInclude>
		<ClInclude Include="$(MSBuildThisFileDirectory)..\..\src\mk_lang_llong.h"><Filter>src</Filter></ClInclude>
		<ClInclude Include="$(MSBuildThisFileDirectory)..\..\src\mk_lang_minmax.h"><Filter>src</Filter></ClInclude>
		<ClInclude Include="$(MSBuildThisFileDirectory)..\..\src\mk_lang_nodiscard.h"><Filter>src</Filter></ClInclude>
		<ClInclude Include="$(MSBuildThisFileDirectory)..\..\src\mk_lang_sizeof.h"><Filter>src</Filter></ClInclude>
		<ClInclude Include="$(MSBuildThisFileDirectory)..\..\src\mk_lang_sizet.h"><Filter>src</Filter></ClInclude>
		<ClInclude Include="$(MSBuildThisFileDirectory)..\..\src\mk_lang_uintmaxt.h"><Filter>src</Filter></ClInclude>
		<ClInclude Include="$(MSBuildThisFileDirectory)..\..\src\mk_num_basic_uint.inl.h"><Filter>src</Filter></ClInclude>
		<ClInclude Include="$(MSBuildThisFileDirectory)..\..\src\mk_num_basic_uint_def.h"><Filter>src</Filter></ClInclude>
		<ClInclude Include="$(MSBuildThisFileDirectory)..\..\src\mk_num_basic_uint_undef.h"><Filter>src</Filter></ClInclude>
		<ClInclude Include="$(MSBuildThisFileDirectory)..\..\src\mk_num_basic_uints.h"><Filter>src</Filter></ClInclude>
		<ClInclude Include="$(MSBuildThisFileDirectory)..\..\src\mk_num_composite_guess_base.h"><Filter>src</Filter></ClInclude>
		<ClInclude Include="$(MSBuildThisFileDirectory)..\..\src\mk_num_composite_uint.inl.h"><Filter>src</Filter></ClInclude>
		<ClInclude Include="$(MSBuildThisFileDirectory)..\..\src\mk_num_composite_uint_base_def.h"><Filter>src</Filter></ClInclude>
		<ClInclude Include="$(MSBuildThisFileDirectory)..\..\src\mk_num_composite_uint_base_undef.h"><Filter>src</Filter></ClInclude>
		<ClInclude Include="$(MSBuildThisFileDirectory)..\..\src\mk_num_composite_uint_def.h"><Filter>src</Filter></ClInclude>
		<ClInclude Include="$(MSBuildThisFileDirectory)..\..\src\mk_num_composite_uint_undef.h"><Filter>src</Filter></ClInclude>
		<ClInclude Include="$(MSBuildThisFileDirectory)..\..\src\mk_num_composite_uints.h"><Filter>src</Filter></ClInclude>
		<ClInclude Include="$(MSBuildThisFileDirectory)..\..\src\mk_num_div_mod.h"><Filter>src</Filter></ClInclude>
		<ClInclude Include="$(MSBuildThisFileDirectory)..\..\src\mk_num_div_mod.inl.h"><Filter>src</Filter></ClInclude>
	</ItemGroup>
	<ItemGroup>
		<ClCompile Include="$(MSBuildThisFileDirectory)..\..\src\mk_lang_crash.c"><Filter>src</Filter></ClCompile>
		<ClCompile Include="$(MSBuildThisFileDirectory)..\..\src\mk_lang_sizeof.c"><Filter>src</Filter></ClCompile>
		<ClCompile Include="$(MSBuildThisFileDirectory)..\..\src\mk_num_basic_uint.inl.c"><Filter>src</Filter></ClCompile>
		<ClCompile Include="$(MSBuildThisFileDirectory)..\..\src\mk_num_basic_uints.c"><Filter>src</Filter></ClCompile>
		<ClCompile Include="$(MSBuildThisFileDirectory)..\..\src\mk_num_composite_uint.inl.c"><Filter>src</Filter></ClCompile>
		<ClCompile Include="$(MSBuildThisFileDirectory)..\..\src\mk_num_composite_uints.c"><Filter>src</Filter></ClCompile>
		<ClCompile Include="$(MSBuildThisFileDirectory)..\..\src\mk_num_div_mod.c"><Filter>src</Filter></ClCompile>
		<ClCompile Include="$(MSBuildThisFileDirectory)..\..\src\mk_num_div_mod.inl.c"><Filter>src</Filter></ClCompile>
	</ItemGroup>
</Project>
