Microsoft Visual Studio Solution File, Format Version 12.00
# Visual Studio Version 17
VisualStudioVersion = 17.2.32630.192
MinimumVisualStudioVersion = 10.0.40219.1
Project("{2150e333-8fdc-42a3-9474-1a3956d46de8}") = "Solution Items", "Solution Items", "{ccd1c5d4-2133-4e2f-8203-423f09b4cb0c}"
	ProjectSection(SolutionItems) = preProject
		..\..\.editorconfig = ..\..\.editorconfig
		..\..\.gitattributes = ..\..\.gitattributes
		.gitignore = .gitignore
	EndProjectSection
EndProject
Project("{8bc9ceb8-8b4a-11d0-8d11-00a0c91bc942}") = "mk_int", "..\..\libs\mk_int\projects\vs2022\mk_int.vcxitems", "{83700097-ac5b-4642-9b9a-2d5f5db0026c}" EndProject
Project("{8bc9ceb8-8b4a-11d0-8d11-00a0c91bc942}") = "mk_int_fuzz", "..\..\libs\mk_int_fuzz\projects\vs2022\mk_int_fuzz.vcxproj", "{935d11b5-2b4d-43c8-99bc-a3f7bf1bffa3}" EndProject
Project("{8bc9ceb8-8b4a-11d0-8d11-00a0c91bc942}") = "mk_utils", "..\..\libs\mk_utils\projects\vs2022\mk_utils.vcxitems", "{635870d5-81aa-4df4-8ca3-37c018fd525d}" EndProject
Global
	GlobalSection(SolutionConfigurationPlatforms) = preSolution
		Debug|x64 = Debug|x64
		Debug|x86 = Debug|x86
		Release|x64 = Release|x64
		Release|x86 = Release|x86
	EndGlobalSection
	GlobalSection(ProjectConfigurationPlatforms) = postSolution
		{935d11b5-2b4d-43c8-99bc-a3f7bf1bffa3}.Debug|x64.ActiveCfg = Debug|x64
		{935d11b5-2b4d-43c8-99bc-a3f7bf1bffa3}.Debug|x64.Build.0 = Debug|x64
		{935d11b5-2b4d-43c8-99bc-a3f7bf1bffa3}.Debug|x86.ActiveCfg = Debug|Win32
		{935d11b5-2b4d-43c8-99bc-a3f7bf1bffa3}.Debug|x86.Build.0 = Debug|Win32
		{935d11b5-2b4d-43c8-99bc-a3f7bf1bffa3}.Release|x64.ActiveCfg = Release|x64
		{935d11b5-2b4d-43c8-99bc-a3f7bf1bffa3}.Release|x64.Build.0 = Release|x64
		{935d11b5-2b4d-43c8-99bc-a3f7bf1bffa3}.Release|x86.ActiveCfg = Release|Win32
		{935d11b5-2b4d-43c8-99bc-a3f7bf1bffa3}.Release|x86.Build.0 = Release|Win32
	EndGlobalSection
	GlobalSection(SolutionProperties) = preSolution
		HideSolutionNode = FALSE
	EndGlobalSection
	GlobalSection(ExtensibilityGlobals) = postSolution
		SolutionGuid = {32ca4285-1dc2-4196-b237-703983bbc9dc}
	EndGlobalSection
EndGlobal
