Microsoft Visual Studio Solution File, Format Version 12.00
# Visual Studio Version 17
VisualStudioVersion = 17.2.32630.192
MinimumVisualStudioVersion = 10.0.40219.1
Project("{8bc9ceb8-8b4a-11d0-8d11-00a0c91bc942}") = "mk_utils", "..\..\libs\mk_utils\projects\vs2022\mk_utils.vcxitems", "{635870d5-81aa-4df4-8ca3-37c018fd525d}"
EndProject
Global
	GlobalSection(SolutionProperties) = preSolution
		HideSolutionNode = FALSE
	EndGlobalSection
	GlobalSection(ExtensibilityGlobals) = postSolution
		SolutionGuid = {32ca4285-1dc2-4196-b237-703983bbc9dc}
	EndGlobalSection
EndGlobal
