<?xml version="1.0" encoding="utf-8"?>
<Project ToolsVersion="4.0" xmlns="http://schemas.microsoft.com/developer/msbuild/2003">
	<ItemGroup>
		<Filter Include="src">
			<UniqueIdentifier>{4e2f72a9-651c-450e-8722-5404863a0782}</UniqueIdentifier>
		</Filter>
	</ItemGroup>
	<ItemGroup>
		<ClCompile Include="$(MSBuildThisFileDirectory)..\..\src\mk_num_tests.cpp"><Filter>src</Filter></ClCompile>
	</ItemGroup>
</Project>
